
Microsoft Visual Studio Solution File, Format Version 12.00
# Visual Studio Version 17
VisualStudioVersion = 17.0.31903.59
MinimumVisualStudioVersion = 10.0.40219.1
Project("{FAE04EC0-301F-11D3-BF4B-00C04F79EFBC}") = "task1", "task1\task1.csproj", "{358C9E3A-CAB2-4631-A16B-A8B2AAF44DDC}"
EndProject
Global
	GlobalSection(SolutionConfigurationPlatforms) = preSolution
		Debug|Any CPU = Debug|Any CPU
		Release|Any CPU = Release|Any CPU
	EndGlobalSection
	GlobalSection(ProjectConfigurationPlatforms) = postSolution
		{358C9E3A-CAB2-4631-A16B-A8B2AAF44DDC}.Debug|Any CPU.ActiveCfg = Debug|Any CPU
		{358C9E3A-CAB2-4631-A16B-A8B2AAF44DDC}.Debug|Any CPU.Build.0 = Debug|Any CPU
		{358C9E3A-CAB2-4631-A16B-A8B2AAF44DDC}.Release|Any CPU.ActiveCfg = Release|Any CPU
		{358C9E3A-CAB2-4631-A16B-A8B2AAF44DDC}.Release|Any CPU.Build.0 = Release|Any CPU
	EndGlobalSection
	GlobalSection(SolutionProperties) = preSolution
		HideSolutionNode = FALSE
	EndGlobalSection
	GlobalSection(ExtensibilityGlobals) = postSolution
		SolutionGuid = {5EF517B8-65A6-4298-88B5-3196CE2C0A51}
	EndGlobalSection
EndGlobal
